{
  "name": "my-turbo-repo",
  "version": "1.0.0",
  "lockfileVersion": 3,
  "requires": true,
  "packages": {
    "": {
      "name": "my-turbo-repo",
      "version": "1.0.0",
      "workspaces": [
        "packages/*"
      ],
      "devDependencies": {
        "@types/node": "^18.17.1",
        "turbo": "^1.10.12",
        "typescript": "^5.1.6"
      }
    },
    "node_modules/@types/node": {
      "version": "18.19.33",
      "resolved": "https://registry.npmjs.org/@types/node/-/node-18.19.33.tgz",
      "integrity": "sha512-NR9+KrpSajr2qBVp/Yt5TU/rp+b5Mayi3+OlMlcg2cVCfRmcG5PWZ7S4+MG9PZ5gWBoc9Pd0BKSRViuBCRPu0A==",
      "dev": true,
      "dependencies": {
        "undici-types": "~5.26.4"
      }
    },
    "node_modules/contracts": {
      "resolved": "packages/contracts",
      "link": true
    },
    "node_modules/turbo": {
      "version": "1.13.3",
      "resolved": "https://registry.npmjs.org/turbo/-/turbo-1.13.3.tgz",
      "integrity": "sha512-n17HJv4F4CpsYTvKzUJhLbyewbXjq1oLCi90i5tW1TiWDz16ML1eDG7wi5dHaKxzh5efIM56SITnuVbMq5dk4g==",
      "dev": true,
      "bin": {
        "turbo": "bin/turbo"
      },
      "optionalDependencies": {
        "turbo-darwin-64": "1.13.3",
        "turbo-darwin-arm64": "1.13.3",
        "turbo-linux-64": "1.13.3",
        "turbo-linux-arm64": "1.13.3",
        "turbo-windows-64": "1.13.3",
        "turbo-windows-arm64": "1.13.3"
      }
    },
    "node_modules/turbo-darwin-64": {
      "version": "1.13.3",
      "resolved": "https://registry.npmjs.org/turbo-darwin-64/-/turbo-darwin-64-1.13.3.tgz",
      "integrity": "sha512-glup8Qx1qEFB5jerAnXbS8WrL92OKyMmg5Hnd4PleLljAeYmx+cmmnsmLT7tpaVZIN58EAAwu8wHC6kIIqhbWA==",
      "cpu": [
        "x64"
      ],
      "dev": true,
      "optional": true,
      "os": [
        "darwin"
      ]
    },
    "node_modules/turbo-darwin-arm64": {
      "version": "1.13.3",
      "resolved": "https://registry.npmjs.org/turbo-darwin-arm64/-/turbo-darwin-arm64-1.13.3.tgz",
      "integrity": "sha512-/np2xD+f/+9qY8BVtuOQXRq5f9LehCFxamiQnwdqWm5iZmdjygC5T3uVSYuagVFsZKMvX3ycySwh8dylGTl6lg==",
      "cpu": [
        "arm64"
      ],
      "dev": true,
      "optional": true,
      "os": [
        "darwin"
      ]
    },
    "node_modules/turbo-linux-64": {
      "version": "1.13.3",
      "resolved": "https://registry.npmjs.org/turbo-linux-64/-/turbo-linux-64-1.13.3.tgz",
      "integrity": "sha512-G+HGrau54iAnbXLfl+N/PynqpDwi/uDzb6iM9hXEDG+yJnSJxaHMShhOkXYJPk9offm9prH33Khx2scXrYVW1g==",
      "cpu": [
        "x64"
      ],
      "dev": true,
      "optional": true,
      "os": [
        "linux"
      ]
    },
    "node_modules/turbo-linux-arm64": {
      "version": "1.13.3",
      "resolved": "https://registry.npmjs.org/turbo-linux-arm64/-/turbo-linux-arm64-1.13.3.tgz",
      "integrity": "sha512-qWwEl5VR02NqRyl68/3pwp3c/olZuSp+vwlwrunuoNTm6JXGLG5pTeme4zoHNnk0qn4cCX7DFrOboArlYxv0wQ==",
      "cpu": [
        "arm64"
      ],
      "dev": true,
      "optional": true,
      "os": [
        "linux"
      ]
    },
    "node_modules/turbo-windows-64": {
      "version": "1.13.3",
      "resolved": "https://registry.npmjs.org/turbo-windows-64/-/turbo-windows-64-1.13.3.tgz",
      "integrity": "sha512-Nudr4bRChfJzBPzEmpVV85VwUYRCGKecwkBFpbp2a4NtrJ3+UP1VZES653ckqCu2FRyRuS0n03v9euMbAvzH+Q==",
      "cpu": [
        "x64"
      ],
      "dev": true,
      "optional": true,
      "os": [
        "win32"
      ]
    },
    "node_modules/turbo-windows-arm64": {
      "version": "1.13.3",
      "resolved": "https://registry.npmjs.org/turbo-windows-arm64/-/turbo-windows-arm64-1.13.3.tgz",
      "integrity": "sha512-ouJCgsVLd3icjRLmRvHQDDZnmGzT64GBupM1Y+TjtYn2LVaEBoV6hicFy8x5DUpnqdLy+YpCzRMkWlwhmkX7sQ==",
      "cpu": [
        "arm64"
      ],
      "dev": true,
      "optional": true,
      "os": [
        "win32"
      ]
    },
    "node_modules/typescript": {
      "version": "5.4.5",
      "resolved": "https://registry.npmjs.org/typescript/-/typescript-5.4.5.tgz",
      "integrity": "sha512-vcI4UpRgg81oIRUFwR0WSIHKt11nJ7SAVlYNIu+QpqeyXP+gpQJy/Z4+F0aGxSE4MqwjyXvW/TzgkLAx2AGHwQ==",
      "dev": true,
      "bin": {
        "tsc": "bin/tsc",
        "tsserver": "bin/tsserver"
      },
      "engines": {
        "node": ">=14.17"
      }
    },
    "node_modules/undici-types": {
      "version": "5.26.5",
      "resolved": "https://registry.npmjs.org/undici-types/-/undici-types-5.26.5.tgz",
      "integrity": "sha512-JlCMO+ehdEIKqlFxk6IfVoAUVmgz7cU7zD/h9XZ0qzeosSHmUJVOzSQvvYSYWXkFXC+IfLKSIffhv0sVZup6pA==",
      "dev": true
    },
    "packages/contracts": {
      "version": "1.0.0"
    }
  }
}
